
Microsoft Visual Studio Solution File, Format Version 12.00
# Visual Studio Version 17
VisualStudioVersion = 17.3.32929.385
MinimumVisualStudioVersion = 10.0.40219.1
Project("{FAE04EC0-301F-11D3-BF4B-00C04F79EFBC}") = "Laba2", "Laba2\Laba2.csproj", "{336DCBBC-660E-4C0F-875D-48CD77A81329}"
EndProject
Global
	GlobalSection(SolutionConfigurationPlatforms) = preSolution
		Debug|Any CPU = Debug|Any CPU
		Release|Any CPU = Release|Any CPU
	EndGlobalSection
	GlobalSection(ProjectConfigurationPlatforms) = postSolution
		{336DCBBC-660E-4C0F-875D-48CD77A81329}.Debug|Any CPU.ActiveCfg = Debug|Any CPU
		{336DCBBC-660E-4C0F-875D-48CD77A81329}.Debug|Any CPU.Build.0 = Debug|Any CPU
		{336DCBBC-660E-4C0F-875D-48CD77A81329}.Release|Any CPU.ActiveCfg = Release|Any CPU
		{336DCBBC-660E-4C0F-875D-48CD77A81329}.Release|Any CPU.Build.0 = Release|Any CPU
	EndGlobalSection
	GlobalSection(SolutionProperties) = preSolution
		HideSolutionNode = FALSE
	EndGlobalSection
	GlobalSection(ExtensibilityGlobals) = postSolution
		SolutionGuid = {3FF1308E-9B9C-4E6E-911B-91447ACAF6B7}
	EndGlobalSection
EndGlobal
